
Microsoft Visual Studio Solution File, Format Version 12.00
# Visual Studio Version 17
VisualStudioVersion = 17.0.31903.59
MinimumVisualStudioVersion = 10.0.40219.1
Project("{FAE04EC0-301F-11D3-BF4B-00C04F79EFBC}") = "UrhoDotNet", "UrhoDotNet\UrhoDotNet.csproj", "{BAB106F9-D1BB-48A1-94C4-DE7B2C9F6857}"
EndProject
Project("{FAE04EC0-301F-11D3-BF4B-00C04F79EFBC}") = "UrhoDotNetAndroid", "UrhoDotNetAndroid\UrhoDotNetAndroid.csproj", "{BB7EE91C-D904-4AEE-818A-E859154C4F03}"
EndProject
Project("{FAE04EC0-301F-11D3-BF4B-00C04F79EFBC}") = "UrhoDotNetIOS", "UrhoDotNetIOS\UrhoDotNetIOS.csproj", "{A0975A61-9949-4E0C-A07B-E33131ECEA1D}"
EndProject
Project("{FAE04EC0-301F-11D3-BF4B-00C04F79EFBC}") = "UrhoDotNetWeb", "UrhoDotNetWeb\UrhoDotNetWeb.csproj", "{95574EF5-1C38-4678-9796-59F84FBA7235}"
EndProject
Global
	GlobalSection(SolutionConfigurationPlatforms) = preSolution
		Debug|Any CPU = Debug|Any CPU
		Debug|x64 = Debug|x64
		Debug|x86 = Debug|x86
		Release|Any CPU = Release|Any CPU
		Release|x64 = Release|x64
		Release|x86 = Release|x86
	EndGlobalSection
	GlobalSection(ProjectConfigurationPlatforms) = postSolution
		{BAB106F9-D1BB-48A1-94C4-DE7B2C9F6857}.Debug|Any CPU.ActiveCfg = Debug|Any CPU
		{BAB106F9-D1BB-48A1-94C4-DE7B2C9F6857}.Debug|Any CPU.Build.0 = Debug|Any CPU
		{BAB106F9-D1BB-48A1-94C4-DE7B2C9F6857}.Debug|x64.ActiveCfg = Debug|Any CPU
		{BAB106F9-D1BB-48A1-94C4-DE7B2C9F6857}.Debug|x64.Build.0 = Debug|Any CPU
		{BAB106F9-D1BB-48A1-94C4-DE7B2C9F6857}.Debug|x86.ActiveCfg = Debug|Any CPU
		{BAB106F9-D1BB-48A1-94C4-DE7B2C9F6857}.Debug|x86.Build.0 = Debug|Any CPU
		{BAB106F9-D1BB-48A1-94C4-DE7B2C9F6857}.Release|Any CPU.ActiveCfg = Release|Any CPU
		{BAB106F9-D1BB-48A1-94C4-DE7B2C9F6857}.Release|Any CPU.Build.0 = Release|Any CPU
		{BAB106F9-D1BB-48A1-94C4-DE7B2C9F6857}.Release|x64.ActiveCfg = Release|Any CPU
		{BAB106F9-D1BB-48A1-94C4-DE7B2C9F6857}.Release|x64.Build.0 = Release|Any CPU
		{BAB106F9-D1BB-48A1-94C4-DE7B2C9F6857}.Release|x86.ActiveCfg = Release|Any CPU
		{BAB106F9-D1BB-48A1-94C4-DE7B2C9F6857}.Release|x86.Build.0 = Release|Any CPU
		{BB7EE91C-D904-4AEE-818A-E859154C4F03}.Debug|Any CPU.ActiveCfg = Debug|Any CPU
		{BB7EE91C-D904-4AEE-818A-E859154C4F03}.Debug|Any CPU.Build.0 = Debug|Any CPU
		{BB7EE91C-D904-4AEE-818A-E859154C4F03}.Debug|x64.ActiveCfg = Debug|Any CPU
		{BB7EE91C-D904-4AEE-818A-E859154C4F03}.Debug|x64.Build.0 = Debug|Any CPU
		{BB7EE91C-D904-4AEE-818A-E859154C4F03}.Debug|x86.ActiveCfg = Debug|Any CPU
		{BB7EE91C-D904-4AEE-818A-E859154C4F03}.Debug|x86.Build.0 = Debug|Any CPU
		{BB7EE91C-D904-4AEE-818A-E859154C4F03}.Release|Any CPU.ActiveCfg = Release|Any CPU
		{BB7EE91C-D904-4AEE-818A-E859154C4F03}.Release|Any CPU.Build.0 = Release|Any CPU
		{BB7EE91C-D904-4AEE-818A-E859154C4F03}.Release|x64.ActiveCfg = Release|Any CPU
		{BB7EE91C-D904-4AEE-818A-E859154C4F03}.Release|x64.Build.0 = Release|Any CPU
		{BB7EE91C-D904-4AEE-818A-E859154C4F03}.Release|x86.ActiveCfg = Release|Any CPU
		{BB7EE91C-D904-4AEE-818A-E859154C4F03}.Release|x86.Build.0 = Release|Any CPU
		{A0975A61-9949-4E0C-A07B-E33131ECEA1D}.Debug|Any CPU.ActiveCfg = Debug|Any CPU
		{A0975A61-9949-4E0C-A07B-E33131ECEA1D}.Debug|Any CPU.Build.0 = Debug|Any CPU
		{A0975A61-9949-4E0C-A07B-E33131ECEA1D}.Debug|x64.ActiveCfg = Debug|Any CPU
		{A0975A61-9949-4E0C-A07B-E33131ECEA1D}.Debug|x64.Build.0 = Debug|Any CPU
		{A0975A61-9949-4E0C-A07B-E33131ECEA1D}.Debug|x86.ActiveCfg = Debug|Any CPU
		{A0975A61-9949-4E0C-A07B-E33131ECEA1D}.Debug|x86.Build.0 = Debug|Any CPU
		{A0975A61-9949-4E0C-A07B-E33131ECEA1D}.Release|Any CPU.ActiveCfg = Release|Any CPU
		{A0975A61-9949-4E0C-A07B-E33131ECEA1D}.Release|Any CPU.Build.0 = Release|Any CPU
		{A0975A61-9949-4E0C-A07B-E33131ECEA1D}.Release|x64.ActiveCfg = Release|Any CPU
		{A0975A61-9949-4E0C-A07B-E33131ECEA1D}.Release|x64.Build.0 = Release|Any CPU
		{A0975A61-9949-4E0C-A07B-E33131ECEA1D}.Release|x86.ActiveCfg = Release|Any CPU
		{A0975A61-9949-4E0C-A07B-E33131ECEA1D}.Release|x86.Build.0 = Release|Any CPU
		{95574EF5-1C38-4678-9796-59F84FBA7235}.Debug|Any CPU.ActiveCfg = Debug|Any CPU
		{95574EF5-1C38-4678-9796-59F84FBA7235}.Debug|Any CPU.Build.0 = Debug|Any CPU
		{95574EF5-1C38-4678-9796-59F84FBA7235}.Debug|x64.ActiveCfg = Debug|Any CPU
		{95574EF5-1C38-4678-9796-59F84FBA7235}.Debug|x64.Build.0 = Debug|Any CPU
		{95574EF5-1C38-4678-9796-59F84FBA7235}.Debug|x86.ActiveCfg = Debug|Any CPU
		{95574EF5-1C38-4678-9796-59F84FBA7235}.Debug|x86.Build.0 = Debug|Any CPU
		{95574EF5-1C38-4678-9796-59F84FBA7235}.Release|Any CPU.ActiveCfg = Release|Any CPU
		{95574EF5-1C38-4678-9796-59F84FBA7235}.Release|Any CPU.Build.0 = Release|Any CPU
		{95574EF5-1C38-4678-9796-59F84FBA7235}.Release|x64.ActiveCfg = Release|Any CPU
		{95574EF5-1C38-4678-9796-59F84FBA7235}.Release|x64.Build.0 = Release|Any CPU
		{95574EF5-1C38-4678-9796-59F84FBA7235}.Release|x86.ActiveCfg = Release|Any CPU
		{95574EF5-1C38-4678-9796-59F84FBA7235}.Release|x86.Build.0 = Release|Any CPU
	EndGlobalSection
	GlobalSection(SolutionProperties) = preSolution
		HideSolutionNode = FALSE
	EndGlobalSection
EndGlobal
